
Microsoft Visual Studio Solution File, Format Version 12.00
# Visual Studio 15
VisualStudioVersion = 15.0.26730.16
MinimumVisualStudioVersion = 10.0.40219.1
Project("{FAE04EC0-301F-11D3-BF4B-00C04F79EFBC}") = "DataGather", "DataGather\DataGather.csproj", "{DC61E043-F3FA-4122-BE10-F15443B2E8CC}"
EndProject
Global
	GlobalSection(SolutionConfigurationPlatforms) = preSolution
		Debug|Any CPU = Debug|Any CPU
		Release|Any CPU = Release|Any CPU
	EndGlobalSection
	GlobalSection(ProjectConfigurationPlatforms) = postSolution
		{DC61E043-F3FA-4122-BE10-F15443B2E8CC}.Debug|Any CPU.ActiveCfg = Debug|Any CPU
		{DC61E043-F3FA-4122-BE10-F15443B2E8CC}.Debug|Any CPU.Build.0 = Debug|Any CPU
		{DC61E043-F3FA-4122-BE10-F15443B2E8CC}.Release|Any CPU.ActiveCfg = Release|Any CPU
		{DC61E043-F3FA-4122-BE10-F15443B2E8CC}.Release|Any CPU.Build.0 = Release|Any CPU
	EndGlobalSection
	GlobalSection(SolutionProperties) = preSolution
		HideSolutionNode = FALSE
	EndGlobalSection
	GlobalSection(ExtensibilityGlobals) = postSolution
		SolutionGuid = {96E59DD0-DCBD-4CF3-996F-949CAF0BC4F6}
	EndGlobalSection
EndGlobal
